PODS:
  - Capacitor (7.0.1):
    - CapacitorCordova
  - CapacitorApp (7.0.0):
    - Capacitor
  - CapacitorCordova (7.0.1)
  - CapacitorGeolocation (7.1.1):
    - Capacitor
    - IONGeolocationLib (~> 1.0)
  - CapacitorNetwork (7.0.0):
    - Capacitor
  - CapacitorPreferences (7.0.0):
    - Capacitor
  - IONGeolocationLib (1.0.0)

DEPENDENCIES:
  - "Capacitor (from `../../../../node_modules/.pnpm/@capacitor+ios@7.0.1_@capacitor+core@7.0.1/node_modules/@capacitor/ios`)"
  - "CapacitorApp (from `../../../../node_modules/.pnpm/@capacitor+app@7.0.0_@capacitor+core@7.0.1/node_modules/@capacitor/app`)"
  - "CapacitorCordova (from `../../../../node_modules/.pnpm/@capacitor+ios@7.0.1_@capacitor+core@7.0.1/node_modules/@capacitor/ios`)"
  - "CapacitorGeolocation (from `../../../../node_modules/.pnpm/@capacitor+geolocation@7.1.1_@capacitor+core@7.0.1/node_modules/@capacitor/geolocation`)"
  - "CapacitorNetwork (from `../../../../node_modules/.pnpm/@capacitor+network@7.0.0_@capacitor+core@7.0.1/node_modules/@capacitor/network`)"
  - "CapacitorPreferences (from `../../../../node_modules/.pnpm/@capacitor+preferences@7.0.0_@capacitor+core@7.0.1/node_modules/@capacitor/preferences`)"

SPEC REPOS:
  trunk:
    - IONGeolocationLib

EXTERNAL SOURCES:
  Capacitor:
    :path: "../../../../node_modules/.pnpm/@capacitor+ios@7.0.1_@capacitor+core@7.0.1/node_modules/@capacitor/ios"
  CapacitorApp:
    :path: "../../../../node_modules/.pnpm/@capacitor+app@7.0.0_@capacitor+core@7.0.1/node_modules/@capacitor/app"
  CapacitorCordova:
    :path: "../../../../node_modules/.pnpm/@capacitor+ios@7.0.1_@capacitor+core@7.0.1/node_modules/@capacitor/ios"
  CapacitorGeolocation:
    :path: "../../../../node_modules/.pnpm/@capacitor+geolocation@7.1.1_@capacitor+core@7.0.1/node_modules/@capacitor/geolocation"
  CapacitorNetwork:
    :path: "../../../../node_modules/.pnpm/@capacitor+network@7.0.0_@capacitor+core@7.0.1/node_modules/@capacitor/network"
  CapacitorPreferences:
    :path: "../../../../node_modules/.pnpm/@capacitor+preferences@7.0.0_@capacitor+core@7.0.1/node_modules/@capacitor/preferences"

SPEC CHECKSUMS:
  Capacitor: de199cba6c8b20995428ad0b7cb0bc6ca625ffd4
  CapacitorApp: 9cb31064a6c6bb2b1438583733a7bf45557fc1da
  CapacitorCordova: 63d476958d5022d76f197031e8b7ea3519988c64
  CapacitorGeolocation: c0755715aaadf5c86dc0053e1127b368444c914b
  CapacitorNetwork: 30c2e78a0ed32530656cb426c8ee6c2caec10dbf
  CapacitorPreferences: 8e4bef1f937fc991a19d7ea99330c36a62edd24b
  IONGeolocationLib: 81f33f88d025846946de2cf63b0c7628e7c6bc9d

PODFILE CHECKSUM: 8a757462db523cec950e76ea2de8985f398b2536

COCOAPODS: 1.16.2
