PODS:
  - Capacitor (6.2.0):
    - CapacitorCordova
  - CapacitorApp (6.0.2):
    - Capacitor
  - CapacitorCordova (6.2.0)
  - CapacitorGeolocation (6.1.0):
    - Capacitor
  - CapacitorNetwork (6.0.3):
    - Capacitor
  - CapacitorPreferences (6.0.3):
    - Capacitor

DEPENDENCIES:
  - "Capacitor (from `../../../../node_modules/.pnpm/@capacitor+ios@6.2.0_@capacitor+core@6.2.0/node_modules/@capacitor/ios`)"
  - "CapacitorApp (from `../../../../node_modules/.pnpm/@capacitor+app@6.0.2_@capacitor+core@6.2.0/node_modules/@capacitor/app`)"
  - "CapacitorCordova (from `../../../../node_modules/.pnpm/@capacitor+ios@6.2.0_@capacitor+core@6.2.0/node_modules/@capacitor/ios`)"
  - "CapacitorGeolocation (from `../../../../node_modules/.pnpm/@capacitor+geolocation@6.1.0_@capacitor+core@6.2.0/node_modules/@capacitor/geolocation`)"
  - "CapacitorNetwork (from `../../../../node_modules/.pnpm/@capacitor+network@6.0.3_@capacitor+core@6.2.0/node_modules/@capacitor/network`)"
  - "CapacitorPreferences (from `../../../../node_modules/.pnpm/@capacitor+preferences@6.0.3_@capacitor+core@6.2.0/node_modules/@capacitor/preferences`)"

EXTERNAL SOURCES:
  Capacitor:
    :path: "../../../../node_modules/.pnpm/@capacitor+ios@6.2.0_@capacitor+core@6.2.0/node_modules/@capacitor/ios"
  CapacitorApp:
    :path: "../../../../node_modules/.pnpm/@capacitor+app@6.0.2_@capacitor+core@6.2.0/node_modules/@capacitor/app"
  CapacitorCordova:
    :path: "../../../../node_modules/.pnpm/@capacitor+ios@6.2.0_@capacitor+core@6.2.0/node_modules/@capacitor/ios"
  CapacitorGeolocation:
    :path: "../../../../node_modules/.pnpm/@capacitor+geolocation@6.1.0_@capacitor+core@6.2.0/node_modules/@capacitor/geolocation"
  CapacitorNetwork:
    :path: "../../../../node_modules/.pnpm/@capacitor+network@6.0.3_@capacitor+core@6.2.0/node_modules/@capacitor/network"
  CapacitorPreferences:
    :path: "../../../../node_modules/.pnpm/@capacitor+preferences@6.0.3_@capacitor+core@6.2.0/node_modules/@capacitor/preferences"

SPEC CHECKSUMS:
  Capacitor: 05d35014f4425b0740fc8776481f6a369ad071bf
  CapacitorApp: e1e6b7d05e444d593ca16fd6d76f2b7c48b5aea7
  CapacitorCordova: b33e7f4aa4ed105dd43283acdd940964374a87d9
  CapacitorGeolocation: 3f6c960e6d9d11c83fcdd181c4912604857afb51
  CapacitorNetwork: ef75d8208f0974a2de3f98136bf9684524798f5c
  CapacitorPreferences: f3eadae2369ac3ab8e21743a2959145b0d1286a3

PODFILE CHECKSUM: 2c13457d49888277dd7ae2a2ceafde37965e6825

COCOAPODS: 1.16.2
